// !$*UTF8*$!
{
	archiveVersion = 1;
	classes = {
	};
	objectVersion = 46;
	objects = {

/* Begin PBXBuildFile section */
		2432E4F21B3C42960042579E /* Post.swift in Sources */ = {isa = PBXBuildFile; fileRef = 2432E4F11B3C42960042579E /* Post.swift */; };
		2432E5001B3D54220042579E /* MypageCollectionReusableView.swift in Sources */ = {isa = PBXBuildFile; fileRef = 2432E4FF1B3D54220042579E /* MypageCollectionReusableView.swift */; };
		243945091B39889D0087EB83 /* API.swift in Sources */ = {isa = PBXBuildFile; fileRef = 243945081B39889D0087EB83 /* API.swift */; };
		244354DE1B3ABA1700EDAF03 /* SelectRestaurantViewController.swift in Sources */ = {isa = PBXBuildFile; fileRef = 244354DD1B3ABA1700EDAF03 /* SelectRestaurantViewController.swift */; };
		244354E51B3ADC0C00EDAF03 /* SelectRestaurantTableViewCell.swift in Sources */ = {isa = PBXBuildFile; fileRef = 244354E41B3ADC0C00EDAF03 /* SelectRestaurantTableViewCell.swift */; };
		244354F11B3B860800EDAF03 /* Main.storyboard in Resources */ = {isa = PBXBuildFile; fileRef = 244354EF1B3B860800EDAF03 /* Main.storyboard */; };
		244354F31B3BC5CD00EDAF03 /* MypageCollectionViewCell.swift in Sources */ = {isa = PBXBuildFile; fileRef = 244354F21B3BC5CD00EDAF03 /* MypageCollectionViewCell.swift */; };
		244354F51B3BC5E000EDAF03 /* MypageViewController.swift in Sources */ = {isa = PBXBuildFile; fileRef = 244354F41B3BC5E000EDAF03 /* MypageViewController.swift */; };
		246E03241B39807E008C1D96 /* Restaurant.swift in Sources */ = {isa = PBXBuildFile; fileRef = 246E03231B39807E008C1D96 /* Restaurant.swift */; };
		248E80AF1B4832B700E3E0C2 /* User.swift in Sources */ = {isa = PBXBuildFile; fileRef = 248E80AE1B4832B700E3E0C2 /* User.swift */; };
		248E80B11B48C83F00E3E0C2 /* CustomUITabBarController.swift in Sources */ = {isa = PBXBuildFile; fileRef = 248E80B01B48C83F00E3E0C2 /* CustomUITabBarController.swift */; };
		24BCC0821B3978C300E9A79C /* AppDelegate.swift in Sources */ = {isa = PBXBuildFile; fileRef = 24BCC0811B3978C300E9A79C /* AppDelegate.swift */; };
		24BCC0841B3978C300E9A79C /* SearchViewController.swift in Sources */ = {isa = PBXBuildFile; fileRef = 24BCC0831B3978C300E9A79C /* SearchViewController.swift */; };
		24BCC0891B3978C300E9A79C /* Images.xcassets in Resources */ = {isa = PBXBuildFile; fileRef = 24BCC0881B3978C300E9A79C /* Images.xcassets */; };
		24BCC08C1B3978C300E9A79C /* LaunchScreen.xib in Resources */ = {isa = PBXBuildFile; fileRef = 24BCC08A1B3978C300E9A79C /* LaunchScreen.xib */; };
		24BCC0981B3978C300E9A79C /* GourmetAppTests.swift in Sources */ = {isa = PBXBuildFile; fileRef = 24BCC0971B3978C300E9A79C /* GourmetAppTests.swift */; };
		24E55C001B48D7510049C39D /* Animator.swift in Sources */ = {isa = PBXBuildFile; fileRef = 24E55BFF1B48D7510049C39D /* Animator.swift */; };
		24E55C021B48F3E30049C39D /* TimeLineViewController.swift in Sources */ = {isa = PBXBuildFile; fileRef = 24E55C011B48F3E30049C39D /* TimeLineViewController.swift */; };
		24EFE20C1B4005BC006098E5 /* AuthenticateViewController.swift in Sources */ = {isa = PBXBuildFile; fileRef = 24EFE20B1B4005BC006098E5 /* AuthenticateViewController.swift */; };
		24F83F2D1B3A7F1C004E9C7E /* LocationService.swift in Sources */ = {isa = PBXBuildFile; fileRef = 24F83F2C1B3A7F1C004E9C7E /* LocationService.swift */; };
		24F83F2F1B3A9356004E9C7E /* PostViewController.swift in Sources */ = {isa = PBXBuildFile; fileRef = 24F83F2E1B3A9356004E9C7E /* PostViewController.swift */; };
		7EAF9428CA2E3D9C346DCB80 /* Pods.framework in Frameworks */ = {isa = PBXBuildFile; fileRef = 7B4C3FFD9EA4B5068900786D /* Pods.framework */; settings = {ATTRIBUTES = (Weak, ); }; };
/* End PBXBuildFile section */

/* Begin PBXContainerItemProxy section */
		24BCC0921B3978C300E9A79C /* PBXContainerItemProxy */ = {
			isa = PBXContainerItemProxy;
			containerPortal = 24BCC0741B3978C200E9A79C /* Project object */;
			proxyType = 1;
			remoteGlobalIDString = 24BCC07B1B3978C200E9A79C;
			remoteInfo = GourmetApp;
		};
/* End PBXContainerItemProxy section */

/* Begin PBXFileReference section */
		242666EB1B419019002FC200 /* Accounts.framework */ = {isa = PBXFileReference; lastKnownFileType = wrapper.framework; name = Accounts.framework; path = System/Library/Frameworks/Accounts.framework; sourceTree = SDKROOT; };
		2432E4F11B3C42960042579E /* Post.swift */ = {isa = PBXFileReference; fileEncoding = 4; lastKnownFileType = sourcecode.swift; path = Post.swift; sourceTree = "<group>"; };
		2432E4FE1B3C4BE00042579E /* GourmetAppTests-Bridging-Header.h */ = {isa = PBXFileReference; fileEncoding = 4; lastKnownFileType = sourcecode.c.h; path = "GourmetAppTests-Bridging-Header.h"; sourceTree = "<group>"; };
		2432E4FF1B3D54220042579E /* MypageCollectionReusableView.swift */ = {isa = PBXFileReference; fileEncoding = 4; lastKnownFileType = sourcecode.swift; path = MypageCollectionReusableView.swift; sourceTree = "<group>"; };
		243945081B39889D0087EB83 /* API.swift */ = {isa = PBXFileReference; fileEncoding = 4; lastKnownFileType = sourcecode.swift; path = API.swift; sourceTree = "<group>"; };
		244354D61B3AA59700EDAF03 /* CustomUIView.framework */ = {isa = PBXFileReference; lastKnownFileType = wrapper.framework; name = CustomUIView.framework; path = "CustomUIView/build/Debug-iphoneos/CustomUIView.framework"; sourceTree = "<group>"; };
		244354D81B3AB19000EDAF03 /* CustomUIView.framework */ = {isa = PBXFileReference; lastKnownFileType = wrapper.framework; name = CustomUIView.framework; path = "Build/Products/Debug-iphoneos/CustomUIView.framework"; sourceTree = "<group>"; };
		244354DD1B3ABA1700EDAF03 /* SelectRestaurantViewController.swift */ = {isa = PBXFileReference; fileEncoding = 4; lastKnownFileType = sourcecode.swift; path = SelectRestaurantViewController.swift; sourceTree = "<group>"; };
		244354E41B3ADC0C00EDAF03 /* SelectRestaurantTableViewCell.swift */ = {isa = PBXFileReference; fileEncoding = 4; lastKnownFileType = sourcecode.swift; path = SelectRestaurantTableViewCell.swift; sourceTree = "<group>"; };
		244354F01B3B860800EDAF03 /* Base */ = {isa = PBXFileReference; lastKnownFileType = file.storyboard; name = Base; path = Base.lproj/Main.storyboard; sourceTree = "<group>"; };
		244354F21B3BC5CD00EDAF03 /* MypageCollectionViewCell.swift */ = {isa = PBXFileReference; fileEncoding = 4; lastKnownFileType = sourcecode.swift; path = MypageCollectionViewCell.swift; sourceTree = "<group>"; };
		244354F41B3BC5E000EDAF03 /* MypageViewController.swift */ = {isa = PBXFileReference; fileEncoding = 4; lastKnownFileType = sourcecode.swift; path = MypageViewController.swift; sourceTree = "<group>"; };
		246E03231B39807E008C1D96 /* Restaurant.swift */ = {isa = PBXFileReference; fileEncoding = 4; lastKnownFileType = sourcecode.swift; path = Restaurant.swift; sourceTree = "<group>"; };
		248E80AE1B4832B700E3E0C2 /* User.swift */ = {isa = PBXFileReference; fileEncoding = 4; lastKnownFileType = sourcecode.swift; path = User.swift; sourceTree = "<group>"; };
		248E80B01B48C83F00E3E0C2 /* CustomUITabBarController.swift */ = {isa = PBXFileReference; fileEncoding = 4; lastKnownFileType = sourcecode.swift; path = CustomUITabBarController.swift; sourceTree = "<group>"; };
		24BCC07C1B3978C200E9A79C /* GourmetApp.app */ = {isa = PBXFileReference; explicitFileType = wrapper.application; includeInIndex = 0; path = GourmetApp.app; sourceTree = BUILT_PRODUCTS_DIR; };
		24BCC0801B3978C200E9A79C /* Info.plist */ = {isa = PBXFileReference; lastKnownFileType = text.plist.xml; path = Info.plist; sourceTree = "<group>"; };
		24BCC0811B3978C300E9A79C /* AppDelegate.swift */ = {isa = PBXFileReference; lastKnownFileType = sourcecode.swift; path = AppDelegate.swift; sourceTree = "<group>"; };
		24BCC0831B3978C300E9A79C /* SearchViewController.swift */ = {isa = PBXFileReference; lastKnownFileType = sourcecode.swift; path = SearchViewController.swift; sourceTree = "<group>"; };
		24BCC0881B3978C300E9A79C /* Images.xcassets */ = {isa = PBXFileReference; lastKnownFileType = folder.assetcatalog; path = Images.xcassets; sourceTree = "<group>"; };
		24BCC08B1B3978C300E9A79C /* Base */ = {isa = PBXFileReference; lastKnownFileType = file.xib; name = Base; path = Base.lproj/LaunchScreen.xib; sourceTree = "<group>"; };
		24BCC0911B3978C300E9A79C /* GourmetAppTests.xctest */ = {isa = PBXFileReference; explicitFileType = wrapper.cfbundle; includeInIndex = 0; path = GourmetAppTests.xctest; sourceTree = BUILT_PRODUCTS_DIR; };
		24BCC0961B3978C300E9A79C /* Info.plist */ = {isa = PBXFileReference; lastKnownFileType = text.plist.xml; path = Info.plist; sourceTree = "<group>"; };
		24BCC0971B3978C300E9A79C /* GourmetAppTests.swift */ = {isa = PBXFileReference; lastKnownFileType = sourcecode.swift; path = GourmetAppTests.swift; sourceTree = "<group>"; };
		24E55BFF1B48D7510049C39D /* Animator.swift */ = {isa = PBXFileReference; fileEncoding = 4; lastKnownFileType = sourcecode.swift; path = Animator.swift; sourceTree = "<group>"; };
		24E55C011B48F3E30049C39D /* TimeLineViewController.swift */ = {isa = PBXFileReference; fileEncoding = 4; lastKnownFileType = sourcecode.swift; path = TimeLineViewController.swift; sourceTree = "<group>"; };
		24EFE2091B3DBD85006098E5 /* Pods_GourmetApp.framework */ = {isa = PBXFileReference; lastKnownFileType = wrapper.framework; name = Pods_GourmetApp.framework; path = "Pods/../build/Debug-iphoneos/Pods_GourmetApp.framework"; sourceTree = "<group>"; };
		24EFE20B1B4005BC006098E5 /* AuthenticateViewController.swift */ = {isa = PBXFileReference; fileEncoding = 4; lastKnownFileType = sourcecode.swift; path = AuthenticateViewController.swift; sourceTree = "<group>"; };
		24EFE20E1B417EA6006098E5 /* GourmetApp-Bridging-Header.h */ = {isa = PBXFileReference; fileEncoding = 4; lastKnownFileType = sourcecode.c.h; path = "GourmetApp-Bridging-Header.h"; sourceTree = "<group>"; };
		24F83F2C1B3A7F1C004E9C7E /* LocationService.swift */ = {isa = PBXFileReference; fileEncoding = 4; lastKnownFileType = sourcecode.swift; path = LocationService.swift; sourceTree = "<group>"; };
		24F83F2E1B3A9356004E9C7E /* PostViewController.swift */ = {isa = PBXFileReference; fileEncoding = 4; lastKnownFileType = sourcecode.swift; path = PostViewController.swift; sourceTree = "<group>"; };
		4E625FEF6CF39DB1EBF92F83 /* Pods.release.xcconfig */ = {isa = PBXFileReference; includeInIndex = 1; lastKnownFileType = text.xcconfig; name = Pods.release.xcconfig; path = "Pods/Target Support Files/Pods/Pods.release.xcconfig"; sourceTree = "<group>"; };
		7B4C3FFD9EA4B5068900786D /* Pods.framework */ = {isa = PBXFileReference; explicitFileType = wrapper.framework; includeInIndex = 0; path = Pods.framework; sourceTree = BUILT_PRODUCTS_DIR; };
		D0C854B4E8C4F425036D1395 /* Pods.debug.xcconfig */ = {isa = PBXFileReference; includeInIndex = 1; lastKnownFileType = text.xcconfig; name = Pods.debug.xcconfig; path = "Pods/Target Support Files/Pods/Pods.debug.xcconfig"; sourceTree = "<group>"; };
/* End PBXFileReference section */

/* Begin PBXFrameworksBuildPhase section */
		24BCC0791B3978C200E9A79C /* Frameworks */ = {
			isa = PBXFrameworksBuildPhase;
			buildActionMask = 2147483647;
			files = (
				7EAF9428CA2E3D9C346DCB80 /* Pods.framework in Frameworks */,
			);
			runOnlyForDeploymentPostprocessing = 0;
		};
		24BCC08E1B3978C300E9A79C /* Frameworks */ = {
			isa = PBXFrameworksBuildPhase;
			buildActionMask = 2147483647;
			files = (
			);
			runOnlyForDeploymentPostprocessing = 0;
		};
/* End PBXFrameworksBuildPhase section */

/* Begin PBXGroup section */
		18544DC63E4E17154D9F7405 /* Pods */ = {
			isa = PBXGroup;
			children = (
				D0C854B4E8C4F425036D1395 /* Pods.debug.xcconfig */,
				4E625FEF6CF39DB1EBF92F83 /* Pods.release.xcconfig */,
			);
			name = Pods;
			sourceTree = "<group>";
		};
		244354E11B3AD6CC00EDAF03 /* UIViews */ = {
			isa = PBXGroup;
			children = (
				244354E41B3ADC0C00EDAF03 /* SelectRestaurantTableViewCell.swift */,
				244354F21B3BC5CD00EDAF03 /* MypageCollectionViewCell.swift */,
				2432E4FF1B3D54220042579E /* MypageCollectionReusableView.swift */,
			);
			name = UIViews;
			sourceTree = "<group>";
		};
		246E03211B397C64008C1D96 /* ViewControllers */ = {
			isa = PBXGroup;
			children = (
				24BCC0831B3978C300E9A79C /* SearchViewController.swift */,
				24F83F2E1B3A9356004E9C7E /* PostViewController.swift */,
				244354DD1B3ABA1700EDAF03 /* SelectRestaurantViewController.swift */,
				244354F41B3BC5E000EDAF03 /* MypageViewController.swift */,
				24EFE20B1B4005BC006098E5 /* AuthenticateViewController.swift */,
				24E55C011B48F3E30049C39D /* TimeLineViewController.swift */,
				248E80B01B48C83F00E3E0C2 /* CustomUITabBarController.swift */,
			);
			name = ViewControllers;
			sourceTree = "<group>";
		};
		246E03221B397E17008C1D96 /* Models */ = {
			isa = PBXGroup;
			children = (
				246E03231B39807E008C1D96 /* Restaurant.swift */,
				2432E4F11B3C42960042579E /* Post.swift */,
				248E80AE1B4832B700E3E0C2 /* User.swift */,
			);
			name = Models;
			sourceTree = "<group>";
		};
		24BCC0731B3978C200E9A79C = {
			isa = PBXGroup;
			children = (
				24BCC07E1B3978C200E9A79C /* GourmetApp */,
				24BCC0941B3978C300E9A79C /* GourmetAppTests */,
				24BCC07D1B3978C200E9A79C /* Products */,
				18544DC63E4E17154D9F7405 /* Pods */,
				B74110980EFD0744D0326592 /* Frameworks */,
			);
			sourceTree = "<group>";
		};
		24BCC07D1B3978C200E9A79C /* Products */ = {
			isa = PBXGroup;
			children = (
				24BCC07C1B3978C200E9A79C /* GourmetApp.app */,
				24BCC0911B3978C300E9A79C /* GourmetAppTests.xctest */,
			);
			name = Products;
			sourceTree = "<group>";
		};
		24BCC07E1B3978C200E9A79C /* GourmetApp */ = {
			isa = PBXGroup;
			children = (
				244354E11B3AD6CC00EDAF03 /* UIViews */,
				24F83F291B3A622E004E9C7E /* Common */,
				246E03221B397E17008C1D96 /* Models */,
				246E03211B397C64008C1D96 /* ViewControllers */,
				24BCC0811B3978C300E9A79C /* AppDelegate.swift */,
				243945081B39889D0087EB83 /* API.swift */,
				24BCC0881B3978C300E9A79C /* Images.xcassets */,
				244354EF1B3B860800EDAF03 /* Main.storyboard */,
				24BCC08A1B3978C300E9A79C /* LaunchScreen.xib */,
				24BCC07F1B3978C200E9A79C /* Supporting Files */,
				2432E4FE1B3C4BE00042579E /* GourmetAppTests-Bridging-Header.h */,
				24EFE20E1B417EA6006098E5 /* GourmetApp-Bridging-Header.h */,
			);
			path = GourmetApp;
			sourceTree = "<group>";
		};
		24BCC07F1B3978C200E9A79C /* Supporting Files */ = {
			isa = PBXGroup;
			children = (
				24BCC0801B3978C200E9A79C /* Info.plist */,
			);
			name = "Supporting Files";
			sourceTree = "<group>";
		};
		24BCC0941B3978C300E9A79C /* GourmetAppTests */ = {
			isa = PBXGroup;
			children = (
				24BCC0971B3978C300E9A79C /* GourmetAppTests.swift */,
				24BCC0951B3978C300E9A79C /* Supporting Files */,
			);
			path = GourmetAppTests;
			sourceTree = "<group>";
		};
		24BCC0951B3978C300E9A79C /* Supporting Files */ = {
			isa = PBXGroup;
			children = (
				24BCC0961B3978C300E9A79C /* Info.plist */,
			);
			name = "Supporting Files";
			sourceTree = "<group>";
		};
		24F83F291B3A622E004E9C7E /* Common */ = {
			isa = PBXGroup;
			children = (
				24F83F2C1B3A7F1C004E9C7E /* LocationService.swift */,
				24E55BFF1B48D7510049C39D /* Animator.swift */,
			);
			name = Common;
			sourceTree = "<group>";
		};
		B74110980EFD0744D0326592 /* Frameworks */ = {
			isa = PBXGroup;
			children = (
				242666EB1B419019002FC200 /* Accounts.framework */,
				24EFE2091B3DBD85006098E5 /* Pods_GourmetApp.framework */,
				244354D81B3AB19000EDAF03 /* CustomUIView.framework */,
				244354D61B3AA59700EDAF03 /* CustomUIView.framework */,
				7B4C3FFD9EA4B5068900786D /* Pods.framework */,
			);
			name = Frameworks;
			sourceTree = "<group>";
		};
/* End PBXGroup section */

/* Begin PBXNativeTarget section */
		24BCC07B1B3978C200E9A79C /* GourmetApp */ = {
			isa = PBXNativeTarget;
			buildConfigurationList = 24BCC09B1B3978C300E9A79C /* Build configuration list for PBXNativeTarget "GourmetApp" */;
			buildPhases = (
				EA3AF3A2383BE06C258041EC /* Check Pods Manifest.lock */,
				24BCC0781B3978C200E9A79C /* Sources */,
				24BCC0791B3978C200E9A79C /* Frameworks */,
				24BCC07A1B3978C200E9A79C /* Resources */,
				717C5677F7791EED453F9DC8 /* Embed Pods Frameworks */,
				82117EA271617296D2F08F25 /* Copy Pods Resources */,
			);
			buildRules = (
			);
			dependencies = (
			);
			name = GourmetApp;
			productName = GourmetApp;
			productReference = 24BCC07C1B3978C200E9A79C /* GourmetApp.app */;
			productType = "com.apple.product-type.application";
		};
		24BCC0901B3978C300E9A79C /* GourmetAppTests */ = {
			isa = PBXNativeTarget;
			buildConfigurationList = 24BCC09E1B3978C300E9A79C /* Build configuration list for PBXNativeTarget "GourmetAppTests" */;
			buildPhases = (
				24BCC08D1B3978C300E9A79C /* Sources */,
				24BCC08E1B3978C300E9A79C /* Frameworks */,
				24BCC08F1B3978C300E9A79C /* Resources */,
			);
			buildRules = (
			);
			dependencies = (
				24BCC0931B3978C300E9A79C /* PBXTargetDependency */,
			);
			name = GourmetAppTests;
			productName = GourmetAppTests;
			productReference = 24BCC0911B3978C300E9A79C /* GourmetAppTests.xctest */;
			productType = "com.apple.product-type.bundle.unit-test";
		};
/* End PBXNativeTarget section */

/* Begin PBXProject section */
		24BCC0741B3978C200E9A79C /* Project object */ = {
			isa = PBXProject;
			attributes = {
				LastUpgradeCheck = 0630;
				ORGANIZATIONNAME = "岩瀬　駿";
				TargetAttributes = {
					24BCC07B1B3978C200E9A79C = {
						CreatedOnToolsVersion = 6.3.2;
					};
					24BCC0901B3978C300E9A79C = {
						CreatedOnToolsVersion = 6.3.2;
						TestTargetID = 24BCC07B1B3978C200E9A79C;
					};
				};
			};
			buildConfigurationList = 24BCC0771B3978C200E9A79C /* Build configuration list for PBXProject "GourmetApp" */;
			compatibilityVersion = "Xcode 3.2";
			developmentRegion = English;
			hasScannedForEncodings = 0;
			knownRegions = (
				en,
				Base,
			);
			mainGroup = 24BCC0731B3978C200E9A79C;
			productRefGroup = 24BCC07D1B3978C200E9A79C /* Products */;
			projectDirPath = "";
			projectRoot = "";
			targets = (
				24BCC07B1B3978C200E9A79C /* GourmetApp */,
				24BCC0901B3978C300E9A79C /* GourmetAppTests */,
			);
		};
/* End PBXProject section */

/* Begin PBXResourcesBuildPhase section */
		24BCC07A1B3978C200E9A79C /* Resources */ = {
			isa = PBXResourcesBuildPhase;
			buildActionMask = 2147483647;
			files = (
				244354F11B3B860800EDAF03 /* Main.storyboard in Resources */,
				24BCC08C1B3978C300E9A79C /* LaunchScreen.xib in Resources */,
				24BCC0891B3978C300E9A79C /* Images.xcassets in Resources */,
			);
			runOnlyForDeploymentPostprocessing = 0;
		};
		24BCC08F1B3978C300E9A79C /* Resources */ = {
			isa = PBXResourcesBuildPhase;
			buildActionMask = 2147483647;
			files = (
			);
			runOnlyForDeploymentPostprocessing = 0;
		};
/* End PBXResourcesBuildPhase section */

/* Begin PBXShellScriptBuildPhase section */
		717C5677F7791EED453F9DC8 /* Embed Pods Frameworks */ = {
			isa = PBXShellScriptBuildPhase;
			buildActionMask = 2147483647;
			files = (
			);
			inputPaths = (
			);
			name = "Embed Pods Frameworks";
			outputPaths = (
			);
			runOnlyForDeploymentPostprocessing = 0;
			shellPath = /bin/sh;
			shellScript = "\"${SRCROOT}/Pods/Target Support Files/Pods/Pods-frameworks.sh\"\n";
			showEnvVarsInLog = 0;
		};
		82117EA271617296D2F08F25 /* Copy Pods Resources */ = {
			isa = PBXShellScriptBuildPhase;
			buildActionMask = 2147483647;
			files = (
			);
			inputPaths = (
			);
			name = "Copy Pods Resources";
			outputPaths = (
			);
			runOnlyForDeploymentPostprocessing = 0;
			shellPath = /bin/sh;
			shellScript = "\"${SRCROOT}/Pods/Target Support Files/Pods/Pods-resources.sh\"\n";
			showEnvVarsInLog = 0;
		};
		EA3AF3A2383BE06C258041EC /* Check Pods Manifest.lock */ = {
			isa = PBXShellScriptBuildPhase;
			buildActionMask = 2147483647;
			files = (
			);
			inputPaths = (
			);
			name = "Check Pods Manifest.lock";
			outputPaths = (
			);
			runOnlyForDeploymentPostprocessing = 0;
			shellPath = /bin/sh;
			shellScript = "diff \"${PODS_ROOT}/../Podfile.lock\" \"${PODS_ROOT}/Manifest.lock\" > /dev/null\nif [[ $? != 0 ]] ; then\n    cat << EOM\nerror: The sandbox is not in sync with the Podfile.lock. Run 'pod install' or update your CocoaPods installation.\nEOM\n    exit 1\nfi\n";
			showEnvVarsInLog = 0;
		};
/* End PBXShellScriptBuildPhase section */

/* Begin PBXSourcesBuildPhase section */
		24BCC0781B3978C200E9A79C /* Sources */ = {
			isa = PBXSourcesBuildPhase;
			buildActionMask = 2147483647;
			files = (
				24F83F2F1B3A9356004E9C7E /* PostViewController.swift in Sources */,
				24EFE20C1B4005BC006098E5 /* AuthenticateViewController.swift in Sources */,
				244354DE1B3ABA1700EDAF03 /* SelectRestaurantViewController.swift in Sources */,
				248E80B11B48C83F00E3E0C2 /* CustomUITabBarController.swift in Sources */,
				24E55C001B48D7510049C39D /* Animator.swift in Sources */,
				244354E51B3ADC0C00EDAF03 /* SelectRestaurantTableViewCell.swift in Sources */,
				24BCC0841B3978C300E9A79C /* SearchViewController.swift in Sources */,
				24F83F2D1B3A7F1C004E9C7E /* LocationService.swift in Sources */,
				248E80AF1B4832B700E3E0C2 /* User.swift in Sources */,
				2432E4F21B3C42960042579E /* Post.swift in Sources */,
				24E55C021B48F3E30049C39D /* TimeLineViewController.swift in Sources */,
				2432E5001B3D54220042579E /* MypageCollectionReusableView.swift in Sources */,
				244354F51B3BC5E000EDAF03 /* MypageViewController.swift in Sources */,
				244354F31B3BC5CD00EDAF03 /* MypageCollectionViewCell.swift in Sources */,
				24BCC0821B3978C300E9A79C /* AppDelegate.swift in Sources */,
				243945091B39889D0087EB83 /* API.swift in Sources */,
				246E03241B39807E008C1D96 /* Restaurant.swift in Sources */,
			);
			runOnlyForDeploymentPostprocessing = 0;
		};
		24BCC08D1B3978C300E9A79C /* Sources */ = {
			isa = PBXSourcesBuildPhase;
			buildActionMask = 2147483647;
			files = (
				24BCC0981B3978C300E9A79C /* GourmetAppTests.swift in Sources */,
			);
			runOnlyForDeploymentPostprocessing = 0;
		};
/* End PBXSourcesBuildPhase section */

/* Begin PBXTargetDependency section */
		24BCC0931B3978C300E9A79C /* PBXTargetDependency */ = {
			isa = PBXTargetDependency;
			target = 24BCC07B1B3978C200E9A79C /* GourmetApp */;
			targetProxy = 24BCC0921B3978C300E9A79C /* PBXContainerItemProxy */;
		};
/* End PBXTargetDependency section */

/* Begin PBXVariantGroup section */
		244354EF1B3B860800EDAF03 /* Main.storyboard */ = {
			isa = PBXVariantGroup;
			children = (
				244354F01B3B860800EDAF03 /* Base */,
			);
			name = Main.storyboard;
			sourceTree = "<group>";
		};
		24BCC08A1B3978C300E9A79C /* LaunchScreen.xib */ = {
			isa = PBXVariantGroup;
			children = (
				24BCC08B1B3978C300E9A79C /* Base */,
			);
			name = LaunchScreen.xib;
			sourceTree = "<group>";
		};
/* End PBXVariantGroup section */

/* Begin XCBuildConfiguration section */
		24BCC0991B3978C300E9A79C /* Debug */ = {
			isa = XCBuildConfiguration;
			buildSettings = {
				ALWAYS_SEARCH_USER_PATHS = NO;
				CLANG_CXX_LANGUAGE_STANDARD = "gnu++0x";
				CLANG_CXX_LIBRARY = "libc++";
				CLANG_ENABLE_MODULES = YES;
				CLANG_ENABLE_OBJC_ARC = YES;
				CLANG_WARN_BOOL_CONVERSION = YES;
				CLANG_WARN_CONSTANT_CONVERSION = YES;
				CLANG_WARN_DIRECT_OBJC_ISA_USAGE = YES_ERROR;
				CLANG_WARN_EMPTY_BODY = YES;
				CLANG_WARN_ENUM_CONVERSION = YES;
				CLANG_WARN_INT_CONVERSION = YES;
				CLANG_WARN_OBJC_ROOT_CLASS = YES_ERROR;
				CLANG_WARN_UNREACHABLE_CODE = YES;
				CLANG_WARN__DUPLICATE_METHOD_MATCH = YES;
				"CODE_SIGN_IDENTITY[sdk=iphoneos*]" = "iPhone Developer";
				COPY_PHASE_STRIP = NO;
				DEBUG_INFORMATION_FORMAT = "dwarf-with-dsym";
				ENABLE_STRICT_OBJC_MSGSEND = YES;
				GCC_C_LANGUAGE_STANDARD = gnu99;
				GCC_DYNAMIC_NO_PIC = NO;
				GCC_NO_COMMON_BLOCKS = YES;
				GCC_OPTIMIZATION_LEVEL = 0;
				GCC_PREPROCESSOR_DEFINITIONS = (
					"DEBUG=1",
					"$(inherited)",
				);
				GCC_SYMBOLS_PRIVATE_EXTERN = NO;
				GCC_WARN_64_TO_32_BIT_CONVERSION = YES;
				GCC_WARN_ABOUT_RETURN_TYPE = YES_ERROR;
				GCC_WARN_UNDECLARED_SELECTOR = YES;
				GCC_WARN_UNINITIALIZED_AUTOS = YES_AGGRESSIVE;
				GCC_WARN_UNUSED_FUNCTION = YES;
				GCC_WARN_UNUSED_VARIABLE = YES;
				IPHONEOS_DEPLOYMENT_TARGET = 8.3;
				MTL_ENABLE_DEBUG_INFO = YES;
				ONLY_ACTIVE_ARCH = YES;
				SDKROOT = iphoneos;
				SWIFT_OPTIMIZATION_LEVEL = "-Onone";
			};
			name = Debug;
		};
		24BCC09A1B3978C300E9A79C /* Release */ = {
			isa = XCBuildConfiguration;
			buildSettings = {
				ALWAYS_SEARCH_USER_PATHS = NO;
				CLANG_CXX_LANGUAGE_STANDARD = "gnu++0x";
				CLANG_CXX_LIBRARY = "libc++";
				CLANG_ENABLE_MODULES = YES;
				CLANG_ENABLE_OBJC_ARC = YES;
				CLANG_WARN_BOOL_CONVERSION = YES;
				CLANG_WARN_CONSTANT_CONVERSION = YES;
				CLANG_WARN_DIRECT_OBJC_ISA_USAGE = YES_ERROR;
				CLANG_WARN_EMPTY_BODY = YES;
				CLANG_WARN_ENUM_CONVERSION = YES;
				CLANG_WARN_INT_CONVERSION = YES;
				CLANG_WARN_OBJC_ROOT_CLASS = YES_ERROR;
				CLANG_WARN_UNREACHABLE_CODE = YES;
				CLANG_WARN__DUPLICATE_METHOD_MATCH = YES;
				"CODE_SIGN_IDENTITY[sdk=iphoneos*]" = "iPhone Developer";
				COPY_PHASE_STRIP = NO;
				DEBUG_INFORMATION_FORMAT = "dwarf-with-dsym";
				ENABLE_NS_ASSERTIONS = NO;
				ENABLE_STRICT_OBJC_MSGSEND = YES;
				GCC_C_LANGUAGE_STANDARD = gnu99;
				GCC_NO_COMMON_BLOCKS = YES;
				GCC_WARN_64_TO_32_BIT_CONVERSION = YES;
				GCC_WARN_ABOUT_RETURN_TYPE = YES_ERROR;
				GCC_WARN_UNDECLARED_SELECTOR = YES;
				GCC_WARN_UNINITIALIZED_AUTOS = YES_AGGRESSIVE;
				GCC_WARN_UNUSED_FUNCTION = YES;
				GCC_WARN_UNUSED_VARIABLE = YES;
				IPHONEOS_DEPLOYMENT_TARGET = 8.3;
				MTL_ENABLE_DEBUG_INFO = NO;
				SDKROOT = iphoneos;
				VALIDATE_PRODUCT = YES;
			};
			name = Release;
		};
		24BCC09C1B3978C300E9A79C /* Debug */ = {
			isa = XCBuildConfiguration;
			baseConfigurationReference = D0C854B4E8C4F425036D1395 /* Pods.debug.xcconfig */;
			buildSettings = {
				ASSETCATALOG_COMPILER_APPICON_NAME = AppIcon;
				CLANG_ENABLE_MODULES = YES;
				FRAMEWORK_SEARCH_PATHS = (
					"$(inherited)",
					"$(PROJECT_DIR)/CustomUIView/build/Debug-iphoneos",
					"$(PROJECT_DIR)/Build/Products/Debug-iphoneos",
					"$(PROJECT_DIR)/build/Debug-iphoneos",
				);
				INFOPLIST_FILE = GourmetApp/Info.plist;
				LD_RUNPATH_SEARCH_PATHS = "$(inherited) @executable_path/Frameworks";
				PRODUCT_NAME = "$(TARGET_NAME)";
				SWIFT_OBJC_BRIDGING_HEADER = "$(SRCROOT)/GourmetApp/GourmetApp-Bridging-Header.h";
				SWIFT_OPTIMIZATION_LEVEL = "-Onone";
			};
			name = Debug;
		};
		24BCC09D1B3978C300E9A79C /* Release */ = {
			isa = XCBuildConfiguration;
			baseConfigurationReference = 4E625FEF6CF39DB1EBF92F83 /* Pods.release.xcconfig */;
			buildSettings = {
				ASSETCATALOG_COMPILER_APPICON_NAME = AppIcon;
				CLANG_ENABLE_MODULES = YES;
				FRAMEWORK_SEARCH_PATHS = (
					"$(inherited)",
					"$(PROJECT_DIR)/CustomUIView/build/Debug-iphoneos",
					"$(PROJECT_DIR)/Build/Products/Debug-iphoneos",
					"$(PROJECT_DIR)/build/Debug-iphoneos",
				);
				INFOPLIST_FILE = GourmetApp/Info.plist;
				LD_RUNPATH_SEARCH_PATHS = "$(inherited) @executable_path/Frameworks";
				PRODUCT_NAME = "$(TARGET_NAME)";
				SWIFT_OBJC_BRIDGING_HEADER = "$(SRCROOT)/GourmetApp/GourmetApp-Bridging-Header.h";
			};
			name = Release;
		};
		24BCC09F1B3978C300E9A79C /* Debug */ = {
			isa = XCBuildConfiguration;
			buildSettings = {
				BUNDLE_LOADER = "$(TEST_HOST)";
				CLANG_ENABLE_MODULES = YES;
				FRAMEWORK_SEARCH_PATHS = (
					"$(SDKROOT)/Developer/Library/Frameworks",
					"$(inherited)",
				);
				GCC_PREPROCESSOR_DEFINITIONS = (
					"DEBUG=1",
					"$(inherited)",
				);
				INFOPLIST_FILE = GourmetAppTests/Info.plist;
				LD_RUNPATH_SEARCH_PATHS = "$(inherited) @executable_path/Frameworks @loader_path/Frameworks";
				PRODUCT_NAME = "$(TARGET_NAME)";
				SWIFT_OBJC_BRIDGING_HEADER = "$(SRCROOT)/GourmetApp/GourmetAppTests-Bridging-Header.h";
				SWIFT_OPTIMIZATION_LEVEL = "-Onone";
				TEST_HOST = "$(BUILT_PRODUCTS_DIR)/GourmetApp.app/GourmetApp";
			};
			name = Debug;
		};
		24BCC0A01B3978C300E9A79C /* Release */ = {
			isa = XCBuildConfiguration;
			buildSettings = {
				BUNDLE_LOADER = "$(TEST_HOST)";
				CLANG_ENABLE_MODULES = YES;
				FRAMEWORK_SEARCH_PATHS = (
					"$(SDKROOT)/Developer/Library/Frameworks",
					"$(inherited)",
				);
				INFOPLIST_FILE = GourmetAppTests/Info.plist;
				LD_RUNPATH_SEARCH_PATHS = "$(inherited) @executable_path/Frameworks @loader_path/Frameworks";
				PRODUCT_NAME = "$(TARGET_NAME)";
				SWIFT_OBJC_BRIDGING_HEADER = "$(SRCROOT)/GourmetApp/GourmetAppTests-Bridging-Header.h";
				TEST_HOST = "$(BUILT_PRODUCTS_DIR)/GourmetApp.app/GourmetApp";
			};
			name = Release;
		};
/* End XCBuildConfiguration section */

/* Begin XCConfigurationList section */
		24BCC0771B3978C200E9A79C /* Build configuration list for PBXProject "GourmetApp" */ = {
			isa = XCConfigurationList;
			buildConfigurations = (
				24BCC0991B3978C300E9A79C /* Debug */,
				24BCC09A1B3978C300E9A79C /* Release */,
			);
			defaultConfigurationIsVisible = 0;
			defaultConfigurationName = Release;
		};
		24BCC09B1B3978C300E9A79C /* Build configuration list for PBXNativeTarget "GourmetApp" */ = {
			isa = XCConfigurationList;
			buildConfigurations = (
				24BCC09C1B3978C300E9A79C /* Debug */,
				24BCC09D1B3978C300E9A79C /* Release */,
			);
			defaultConfigurationIsVisible = 0;
			defaultConfigurationName = Release;
		};
		24BCC09E1B3978C300E9A79C /* Build configuration list for PBXNativeTarget "GourmetAppTests" */ = {
			isa = XCConfigurationList;
			buildConfigurations = (
				24BCC09F1B3978C300E9A79C /* Debug */,
				24BCC0A01B3978C300E9A79C /* Release */,
			);
			defaultConfigurationIsVisible = 0;
			defaultConfigurationName = Release;
		};
/* End XCConfigurationList section */
	};
	rootObject = 24BCC0741B3978C200E9A79C /* Project object */;
}
